
Microsoft Visual Studio Solution File, Format Version 12.00
# Visual Studio 15
VisualStudioVersion = 15.0.28307.1022
MinimumVisualStudioVersion = 10.0.40219.1
Project("{FAE04EC0-301F-11D3-BF4B-00C04F79EFBC}") = "Tema2Ex2", "Tema2Ex2\Tema2Ex2.csproj", "{62BBAA2F-1CA8-4508-BB5B-2F5416674A5D}"
EndProject
Global
	GlobalSection(SolutionConfigurationPlatforms) = preSolution
		Debug|Any CPU = Debug|Any CPU
		Release|Any CPU = Release|Any CPU
	EndGlobalSection
	GlobalSection(ProjectConfigurationPlatforms) = postSolution
		{62BBAA2F-1CA8-4508-BB5B-2F5416674A5D}.Debug|Any CPU.ActiveCfg = Debug|Any CPU
		{62BBAA2F-1CA8-4508-BB5B-2F5416674A5D}.Debug|Any CPU.Build.0 = Debug|Any CPU
		{62BBAA2F-1CA8-4508-BB5B-2F5416674A5D}.Release|Any CPU.ActiveCfg = Release|Any CPU
		{62BBAA2F-1CA8-4508-BB5B-2F5416674A5D}.Release|Any CPU.Build.0 = Release|Any CPU
	EndGlobalSection
	GlobalSection(SolutionProperties) = preSolution
		HideSolutionNode = FALSE
	EndGlobalSection
	GlobalSection(ExtensibilityGlobals) = postSolution
		SolutionGuid = {69877C9E-C12F-4AA6-93FF-8465B7E74202}
	EndGlobalSection
EndGlobal
